// !$*UTF8*$!
{
	archiveVersion = 1;
	classes = {
	};
	objectVersion = 48;
	objects = {

/* Begin PBXBuildFile section */
		346DDD938B842ECD44A8FD31 /* Pods_base_proj_iosUITests.framework in Frameworks */ = {isa = PBXBuildFile; fileRef = 480640656CE507974266F116 /* Pods_base_proj_iosUITests.framework */; };
		489ADD00F259C58812016AE0 /* Pods_base_proj_iosTests.framework in Frameworks */ = {isa = PBXBuildFile; fileRef = DFBBF3C3F8A251BD5E2D644A /* Pods_base_proj_iosTests.framework */; };
		63935C8B072FD1FFA56B7E8D /* Pods_base_proj_ios.framework in Frameworks */ = {isa = PBXBuildFile; fileRef = 3C8AF5FC5EB51CD80F429926 /* Pods_base_proj_ios.framework */; };
		7B2B16F12024A55100C63683 /* AppDelegate.swift in Sources */ = {isa = PBXBuildFile; fileRef = 7B2B16F02024A55100C63683 /* AppDelegate.swift */; };
		7B2B16F32024A55100C63683 /* ViewController.swift in Sources */ = {isa = PBXBuildFile; fileRef = 7B2B16F22024A55100C63683 /* ViewController.swift */; };
		7B2B16F62024A55100C63683 /* Main.storyboard in Resources */ = {isa = PBXBuildFile; fileRef = 7B2B16F42024A55100C63683 /* Main.storyboard */; };
		7B2B16F82024A55100C63683 /* Assets.xcassets in Resources */ = {isa = PBXBuildFile; fileRef = 7B2B16F72024A55100C63683 /* Assets.xcassets */; };
		7B2B16FB2024A55100C63683 /* LaunchScreen.storyboard in Resources */ = {isa = PBXBuildFile; fileRef = 7B2B16F92024A55100C63683 /* LaunchScreen.storyboard */; };
		7B2B17062024A55200C63683 /* base_proj_iosTests.swift in Sources */ = {isa = PBXBuildFile; fileRef = 7B2B17052024A55200C63683 /* base_proj_iosTests.swift */; };
		7B2B17112024A55200C63683 /* base_proj_iosUITests.swift in Sources */ = {isa = PBXBuildFile; fileRef = 7B2B17102024A55200C63683 /* base_proj_iosUITests.swift */; };
		7BF349042024DC9D006C99EF /* Request.swift in Sources */ = {isa = PBXBuildFile; fileRef = 7BF349032024DC9D006C99EF /* Request.swift */; };
		7BF349062024DD26006C99EF /* RequestProtocol.swift in Sources */ = {isa = PBXBuildFile; fileRef = 7BF349052024DD26006C99EF /* RequestProtocol.swift */; };
		7BF349082024E257006C99EF /* Serialize.swift in Sources */ = {isa = PBXBuildFile; fileRef = 7BF349072024E257006C99EF /* Serialize.swift */; };
		7BF3490B2024E365006C99EF /* SerializeProtocol.swift in Sources */ = {isa = PBXBuildFile; fileRef = 7BF3490A2024E365006C99EF /* SerializeProtocol.swift */; };
/* End PBXBuildFile section */

/* Begin PBXContainerItemProxy section */
		7B2B17022024A55200C63683 /* PBXContainerItemProxy */ = {
			isa = PBXContainerItemProxy;
			containerPortal = 7B2B16E52024A55100C63683 /* Project object */;
			proxyType = 1;
			remoteGlobalIDString = 7B2B16EC2024A55100C63683;
			remoteInfo = "base-proj-ios";
		};
		7B2B170D2024A55200C63683 /* PBXContainerItemProxy */ = {
			isa = PBXContainerItemProxy;
			containerPortal = 7B2B16E52024A55100C63683 /* Project object */;
			proxyType = 1;
			remoteGlobalIDString = 7B2B16EC2024A55100C63683;
			remoteInfo = "base-proj-ios";
		};
/* End PBXContainerItemProxy section */

/* Begin PBXFileReference section */
		1E55DB21A5A4C3A66A657FDF /* Pods-base-proj-ios.release.xcconfig */ = {isa = PBXFileReference; includeInIndex = 1; lastKnownFileType = text.xcconfig; name = "Pods-base-proj-ios.release.xcconfig"; path = "Pods/Target Support Files/Pods-base-proj-ios/Pods-base-proj-ios.release.xcconfig"; sourceTree = "<group>"; };
		1F9DA73268A7AC770AB07CF7 /* Pods-base-proj-iosTests.release.xcconfig */ = {isa = PBXFileReference; includeInIndex = 1; lastKnownFileType = text.xcconfig; name = "Pods-base-proj-iosTests.release.xcconfig"; path = "Pods/Target Support Files/Pods-base-proj-iosTests/Pods-base-proj-iosTests.release.xcconfig"; sourceTree = "<group>"; };
		3C8AF5FC5EB51CD80F429926 /* Pods_base_proj_ios.framework */ = {isa = PBXFileReference; explicitFileType = wrapper.framework; includeInIndex = 0; path = Pods_base_proj_ios.framework; sourceTree = BUILT_PRODUCTS_DIR; };
		480640656CE507974266F116 /* Pods_base_proj_iosUITests.framework */ = {isa = PBXFileReference; explicitFileType = wrapper.framework; includeInIndex = 0; path = Pods_base_proj_iosUITests.framework; sourceTree = BUILT_PRODUCTS_DIR; };
		5E54E8042506F3EEF00E9228 /* Pods-base-proj-iosUITests.release.xcconfig */ = {isa = PBXFileReference; includeInIndex = 1; lastKnownFileType = text.xcconfig; name = "Pods-base-proj-iosUITests.release.xcconfig"; path = "Pods/Target Support Files/Pods-base-proj-iosUITests/Pods-base-proj-iosUITests.release.xcconfig"; sourceTree = "<group>"; };
		7B2B16ED2024A55100C63683 /* base-proj-ios.app */ = {isa = PBXFileReference; explicitFileType = wrapper.application; includeInIndex = 0; path = "base-proj-ios.app"; sourceTree = BUILT_PRODUCTS_DIR; };
		7B2B16F02024A55100C63683 /* AppDelegate.swift */ = {isa = PBXFileReference; lastKnownFileType = sourcecode.swift; path = AppDelegate.swift; sourceTree = "<group>"; };
		7B2B16F22024A55100C63683 /* ViewController.swift */ = {isa = PBXFileReference; lastKnownFileType = sourcecode.swift; path = ViewController.swift; sourceTree = "<group>"; };
		7B2B16F52024A55100C63683 /* Base */ = {isa = PBXFileReference; lastKnownFileType = file.storyboard; name = Base; path = Base.lproj/Main.storyboard; sourceTree = "<group>"; };
		7B2B16F72024A55100C63683 /* Assets.xcassets */ = {isa = PBXFileReference; lastKnownFileType = folder.assetcatalog; path = Assets.xcassets; sourceTree = "<group>"; };
		7B2B16FA2024A55100C63683 /* Base */ = {isa = PBXFileReference; lastKnownFileType = file.storyboard; name = Base; path = Base.lproj/LaunchScreen.storyboard; sourceTree = "<group>"; };
		7B2B16FC2024A55100C63683 /* Info.plist */ = {isa = PBXFileReference; lastKnownFileType = text.plist.xml; path = Info.plist; sourceTree = "<group>"; };
		7B2B17012024A55200C63683 /* base-proj-iosTests.xctest */ = {isa = PBXFileReference; explicitFileType = wrapper.cfbundle; includeInIndex = 0; path = "base-proj-iosTests.xctest"; sourceTree = BUILT_PRODUCTS_DIR; };
		7B2B17052024A55200C63683 /* base_proj_iosTests.swift */ = {isa = PBXFileReference; lastKnownFileType = sourcecode.swift; path = base_proj_iosTests.swift; sourceTree = "<group>"; };
		7B2B17072024A55200C63683 /* Info.plist */ = {isa = PBXFileReference; lastKnownFileType = text.plist.xml; path = Info.plist; sourceTree = "<group>"; };
		7B2B170C2024A55200C63683 /* base-proj-iosUITests.xctest */ = {isa = PBXFileReference; explicitFileType = wrapper.cfbundle; includeInIndex = 0; path = "base-proj-iosUITests.xctest"; sourceTree = BUILT_PRODUCTS_DIR; };
		7B2B17102024A55200C63683 /* base_proj_iosUITests.swift */ = {isa = PBXFileReference; lastKnownFileType = sourcecode.swift; path = base_proj_iosUITests.swift; sourceTree = "<group>"; };
		7B2B17122024A55200C63683 /* Info.plist */ = {isa = PBXFileReference; lastKnownFileType = text.plist.xml; path = Info.plist; sourceTree = "<group>"; };
		7BF349032024DC9D006C99EF /* Request.swift */ = {isa = PBXFileReference; lastKnownFileType = sourcecode.swift; path = Request.swift; sourceTree = "<group>"; };
		7BF349052024DD26006C99EF /* RequestProtocol.swift */ = {isa = PBXFileReference; lastKnownFileType = sourcecode.swift; path = RequestProtocol.swift; sourceTree = "<group>"; };
		7BF349072024E257006C99EF /* Serialize.swift */ = {isa = PBXFileReference; lastKnownFileType = sourcecode.swift; path = Serialize.swift; sourceTree = "<group>"; };
		7BF3490A2024E365006C99EF /* SerializeProtocol.swift */ = {isa = PBXFileReference; lastKnownFileType = sourcecode.swift; path = SerializeProtocol.swift; sourceTree = "<group>"; };
		96104D75E77BA5FE8D552913 /* Pods-base-proj-ios.debug.xcconfig */ = {isa = PBXFileReference; includeInIndex = 1; lastKnownFileType = text.xcconfig; name = "Pods-base-proj-ios.debug.xcconfig"; path = "Pods/Target Support Files/Pods-base-proj-ios/Pods-base-proj-ios.debug.xcconfig"; sourceTree = "<group>"; };
		CE61ADA50375983905263EBC /* Pods-base-proj-iosTests.debug.xcconfig */ = {isa = PBXFileReference; includeInIndex = 1; lastKnownFileType = text.xcconfig; name = "Pods-base-proj-iosTests.debug.xcconfig"; path = "Pods/Target Support Files/Pods-base-proj-iosTests/Pods-base-proj-iosTests.debug.xcconfig"; sourceTree = "<group>"; };
		DFBBF3C3F8A251BD5E2D644A /* Pods_base_proj_iosTests.framework */ = {isa = PBXFileReference; explicitFileType = wrapper.framework; includeInIndex = 0; path = Pods_base_proj_iosTests.framework; sourceTree = BUILT_PRODUCTS_DIR; };
		EF3D2C22FC8E2AC1E652F470 /* Pods-base-proj-iosUITests.debug.xcconfig */ = {isa = PBXFileReference; includeInIndex = 1; lastKnownFileType = text.xcconfig; name = "Pods-base-proj-iosUITests.debug.xcconfig"; path = "Pods/Target Support Files/Pods-base-proj-iosUITests/Pods-base-proj-iosUITests.debug.xcconfig"; sourceTree = "<group>"; };
/* End PBXFileReference section */

/* Begin PBXFrameworksBuildPhase section */
		7B2B16EA2024A55100C63683 /* Frameworks */ = {
			isa = PBXFrameworksBuildPhase;
			buildActionMask = 2147483647;
			files = (
				63935C8B072FD1FFA56B7E8D /* Pods_base_proj_ios.framework in Frameworks */,
			);
			runOnlyForDeploymentPostprocessing = 0;
		};
		7B2B16FE2024A55200C63683 /* Frameworks */ = {
			isa = PBXFrameworksBuildPhase;
			buildActionMask = 2147483647;
			files = (
				489ADD00F259C58812016AE0 /* Pods_base_proj_iosTests.framework in Frameworks */,
			);
			runOnlyForDeploymentPostprocessing = 0;
		};
		7B2B17092024A55200C63683 /* Frameworks */ = {
			isa = PBXFrameworksBuildPhase;
			buildActionMask = 2147483647;
			files = (
				346DDD938B842ECD44A8FD31 /* Pods_base_proj_iosUITests.framework in Frameworks */,
			);
			runOnlyForDeploymentPostprocessing = 0;
		};
/* End PBXFrameworksBuildPhase section */

/* Begin PBXGroup section */
		161DC3C8CA214DB2623FCEFC /* Pods */ = {
			isa = PBXGroup;
			children = (
				96104D75E77BA5FE8D552913 /* Pods-base-proj-ios.debug.xcconfig */,
				1E55DB21A5A4C3A66A657FDF /* Pods-base-proj-ios.release.xcconfig */,
				CE61ADA50375983905263EBC /* Pods-base-proj-iosTests.debug.xcconfig */,
				1F9DA73268A7AC770AB07CF7 /* Pods-base-proj-iosTests.release.xcconfig */,
				EF3D2C22FC8E2AC1E652F470 /* Pods-base-proj-iosUITests.debug.xcconfig */,
				5E54E8042506F3EEF00E9228 /* Pods-base-proj-iosUITests.release.xcconfig */,
			);
			name = Pods;
			sourceTree = "<group>";
		};
		2CB90AD29FB417D67C44ECA6 /* Frameworks */ = {
			isa = PBXGroup;
			children = (
				3C8AF5FC5EB51CD80F429926 /* Pods_base_proj_ios.framework */,
				DFBBF3C3F8A251BD5E2D644A /* Pods_base_proj_iosTests.framework */,
				480640656CE507974266F116 /* Pods_base_proj_iosUITests.framework */,
			);
			name = Frameworks;
			sourceTree = "<group>";
		};
		7B2B16E42024A55100C63683 = {
			isa = PBXGroup;
			children = (
				7B2B16EF2024A55100C63683 /* base-proj-ios */,
				7B2B17042024A55200C63683 /* base-proj-iosTests */,
				7B2B170F2024A55200C63683 /* base-proj-iosUITests */,
				7B2B16EE2024A55100C63683 /* Products */,
				161DC3C8CA214DB2623FCEFC /* Pods */,
				2CB90AD29FB417D67C44ECA6 /* Frameworks */,
			);
			sourceTree = "<group>";
		};
		7B2B16EE2024A55100C63683 /* Products */ = {
			isa = PBXGroup;
			children = (
				7B2B16ED2024A55100C63683 /* base-proj-ios.app */,
				7B2B17012024A55200C63683 /* base-proj-iosTests.xctest */,
				7B2B170C2024A55200C63683 /* base-proj-iosUITests.xctest */,
			);
			name = Products;
			sourceTree = "<group>";
		};
		7B2B16EF2024A55100C63683 /* base-proj-ios */ = {
			isa = PBXGroup;
			children = (
				7B2B171E2024DA3900C63683 /* Network */,
				7B2B16F02024A55100C63683 /* AppDelegate.swift */,
				7B2B16F22024A55100C63683 /* ViewController.swift */,
				7B2B16F42024A55100C63683 /* Main.storyboard */,
				7B2B16F72024A55100C63683 /* Assets.xcassets */,
				7B2B16F92024A55100C63683 /* LaunchScreen.storyboard */,
				7B2B16FC2024A55100C63683 /* Info.plist */,
			);
			path = "base-proj-ios";
			sourceTree = "<group>";
		};
		7B2B17042024A55200C63683 /* base-proj-iosTests */ = {
			isa = PBXGroup;
			children = (
				7B2B17052024A55200C63683 /* base_proj_iosTests.swift */,
				7B2B17072024A55200C63683 /* Info.plist */,
			);
			path = "base-proj-iosTests";
			sourceTree = "<group>";
		};
		7B2B170F2024A55200C63683 /* base-proj-iosUITests */ = {
			isa = PBXGroup;
			children = (
				7B2B17102024A55200C63683 /* base_proj_iosUITests.swift */,
				7B2B17122024A55200C63683 /* Info.plist */,
			);
			path = "base-proj-iosUITests";
			sourceTree = "<group>";
		};
		7B2B171E2024DA3900C63683 /* Network */ = {
			isa = PBXGroup;
			children = (
				7BF349092024E350006C99EF /* Protocols */,
				7BF349032024DC9D006C99EF /* Request.swift */,
				7BF349072024E257006C99EF /* Serialize.swift */,
			);
			path = Network;
			sourceTree = "<group>";
		};
		7BF349092024E350006C99EF /* Protocols */ = {
			isa = PBXGroup;
			children = (
				7BF349052024DD26006C99EF /* RequestProtocol.swift */,
				7BF3490A2024E365006C99EF /* SerializeProtocol.swift */,
			);
			path = Protocols;
			sourceTree = "<group>";
		};
/* End PBXGroup section */

/* Begin PBXNativeTarget section */
		7B2B16EC2024A55100C63683 /* base-proj-ios */ = {
			isa = PBXNativeTarget;
			buildConfigurationList = 7B2B17152024A55200C63683 /* Build configuration list for PBXNativeTarget "base-proj-ios" */;
			buildPhases = (
				9874C642A7614F87F3B1D227 /* [CP] Check Pods Manifest.lock */,
				7B2B16E92024A55100C63683 /* Sources */,
				7B2B16EA2024A55100C63683 /* Frameworks */,
				7B2B16EB2024A55100C63683 /* Resources */,
				C033D3AFB796772C042D2E1D /* [CP] Embed Pods Frameworks */,
				A71DE656E0B46442D8A593A7 /* [CP] Copy Pods Resources */,
			);
			buildRules = (
			);
			dependencies = (
			);
			name = "base-proj-ios";
			productName = "base-proj-ios";
			productReference = 7B2B16ED2024A55100C63683 /* base-proj-ios.app */;
			productType = "com.apple.product-type.application";
		};
		7B2B17002024A55200C63683 /* base-proj-iosTests */ = {
			isa = PBXNativeTarget;
			buildConfigurationList = 7B2B17182024A55200C63683 /* Build configuration list for PBXNativeTarget "base-proj-iosTests" */;
			buildPhases = (
				A7D6BA745C31662A5F42A593 /* [CP] Check Pods Manifest.lock */,
				7B2B16FD2024A55200C63683 /* Sources */,
				7B2B16FE2024A55200C63683 /* Frameworks */,
				7B2B16FF2024A55200C63683 /* Resources */,
				EAD206ECBB661960C2E20E8B /* [CP] Embed Pods Frameworks */,
				5AF138C5FFCE1177A2784E9C /* [CP] Copy Pods Resources */,
			);
			buildRules = (
			);
			dependencies = (
				7B2B17032024A55200C63683 /* PBXTargetDependency */,
			);
			name = "base-proj-iosTests";
			productName = "base-proj-iosTests";
			productReference = 7B2B17012024A55200C63683 /* base-proj-iosTests.xctest */;
			productType = "com.apple.product-type.bundle.unit-test";
		};
		7B2B170B2024A55200C63683 /* base-proj-iosUITests */ = {
			isa = PBXNativeTarget;
			buildConfigurationList = 7B2B171B2024A55200C63683 /* Build configuration list for PBXNativeTarget "base-proj-iosUITests" */;
			buildPhases = (
				F4721C2249BBB87CD283031F /* [CP] Check Pods Manifest.lock */,
				7B2B17082024A55200C63683 /* Sources */,
				7B2B17092024A55200C63683 /* Frameworks */,
				7B2B170A2024A55200C63683 /* Resources */,
				4B5D6ED2EC37BDC0004EF163 /* [CP] Embed Pods Frameworks */,
				044E41B5BD3F17813E6F1A0B /* [CP] Copy Pods Resources */,
			);
			buildRules = (
			);
			dependencies = (
				7B2B170E2024A55200C63683 /* PBXTargetDependency */,
			);
			name = "base-proj-iosUITests";
			productName = "base-proj-iosUITests";
			productReference = 7B2B170C2024A55200C63683 /* base-proj-iosUITests.xctest */;
			productType = "com.apple.product-type.bundle.ui-testing";
		};
/* End PBXNativeTarget section */

/* Begin PBXProject section */
		7B2B16E52024A55100C63683 /* Project object */ = {
			isa = PBXProject;
			attributes = {
				LastSwiftUpdateCheck = 0920;
				LastUpgradeCheck = 0920;
				ORGANIZATIONNAME = "Alexandre Henrique";
				TargetAttributes = {
					7B2B16EC2024A55100C63683 = {
						CreatedOnToolsVersion = 9.2;
						ProvisioningStyle = Automatic;
					};
					7B2B17002024A55200C63683 = {
						CreatedOnToolsVersion = 9.2;
						ProvisioningStyle = Automatic;
						TestTargetID = 7B2B16EC2024A55100C63683;
					};
					7B2B170B2024A55200C63683 = {
						CreatedOnToolsVersion = 9.2;
						ProvisioningStyle = Automatic;
						TestTargetID = 7B2B16EC2024A55100C63683;
					};
				};
			};
			buildConfigurationList = 7B2B16E82024A55100C63683 /* Build configuration list for PBXProject "base-proj-ios" */;
			compatibilityVersion = "Xcode 8.0";
			developmentRegion = en;
			hasScannedForEncodings = 0;
			knownRegions = (
				en,
				Base,
			);
			mainGroup = 7B2B16E42024A55100C63683;
			productRefGroup = 7B2B16EE2024A55100C63683 /* Products */;
			projectDirPath = "";
			projectRoot = "";
			targets = (
				7B2B16EC2024A55100C63683 /* base-proj-ios */,
				7B2B17002024A55200C63683 /* base-proj-iosTests */,
				7B2B170B2024A55200C63683 /* base-proj-iosUITests */,
			);
		};
/* End PBXProject section */

/* Begin PBXResourcesBuildPhase section */
		7B2B16EB2024A55100C63683 /* Resources */ = {
			isa = PBXResourcesBuildPhase;
			buildActionMask = 2147483647;
			files = (
				7B2B16FB2024A55100C63683 /* LaunchScreen.storyboard in Resources */,
				7B2B16F82024A55100C63683 /* Assets.xcassets in Resources */,
				7B2B16F62024A55100C63683 /* Main.storyboard in Resources */,
			);
			runOnlyForDeploymentPostprocessing = 0;
		};
		7B2B16FF2024A55200C63683 /* Resources */ = {
			isa = PBXResourcesBuildPhase;
			buildActionMask = 2147483647;
			files = (
			);
			runOnlyForDeploymentPostprocessing = 0;
		};
		7B2B170A2024A55200C63683 /* Resources */ = {
			isa = PBXResourcesBuildPhase;
			buildActionMask = 2147483647;
			files = (
			);
			runOnlyForDeploymentPostprocessing = 0;
		};
/* End PBXResourcesBuildPhase section */

/* Begin PBXShellScriptBuildPhase section */
		044E41B5BD3F17813E6F1A0B /* [CP] Copy Pods Resources */ = {
			isa = PBXShellScriptBuildPhase;
			buildActionMask = 2147483647;
			files = (
			);
			inputPaths = (
			);
			name = "[CP] Copy Pods Resources";
			outputPaths = (
			);
			runOnlyForDeploymentPostprocessing = 0;
			shellPath = /bin/sh;
			shellScript = "\"${SRCROOT}/Pods/Target Support Files/Pods-base-proj-iosUITests/Pods-base-proj-iosUITests-resources.sh\"\n";
			showEnvVarsInLog = 0;
		};
		4B5D6ED2EC37BDC0004EF163 /* [CP] Embed Pods Frameworks */ = {
			isa = PBXShellScriptBuildPhase;
			buildActionMask = 2147483647;
			files = (
			);
			inputPaths = (
			);
			name = "[CP] Embed Pods Frameworks";
			outputPaths = (
			);
			runOnlyForDeploymentPostprocessing = 0;
			shellPath = /bin/sh;
			shellScript = "\"${SRCROOT}/Pods/Target Support Files/Pods-base-proj-iosUITests/Pods-base-proj-iosUITests-frameworks.sh\"\n";
			showEnvVarsInLog = 0;
		};
		5AF138C5FFCE1177A2784E9C /* [CP] Copy Pods Resources */ = {
			isa = PBXShellScriptBuildPhase;
			buildActionMask = 2147483647;
			files = (
			);
			inputPaths = (
			);
			name = "[CP] Copy Pods Resources";
			outputPaths = (
			);
			runOnlyForDeploymentPostprocessing = 0;
			shellPath = /bin/sh;
			shellScript = "\"${SRCROOT}/Pods/Target Support Files/Pods-base-proj-iosTests/Pods-base-proj-iosTests-resources.sh\"\n";
			showEnvVarsInLog = 0;
		};
		9874C642A7614F87F3B1D227 /* [CP] Check Pods Manifest.lock */ = {
			isa = PBXShellScriptBuildPhase;
			buildActionMask = 2147483647;
			files = (
			);
			inputPaths = (
				"${PODS_PODFILE_DIR_PATH}/Podfile.lock",
				"${PODS_ROOT}/Manifest.lock",
			);
			name = "[CP] Check Pods Manifest.lock";
			outputPaths = (
				"$(DERIVED_FILE_DIR)/Pods-base-proj-ios-checkManifestLockResult.txt",
			);
			runOnlyForDeploymentPostprocessing = 0;
			shellPath = /bin/sh;
			shellScript = "diff \"${PODS_PODFILE_DIR_PATH}/Podfile.lock\" \"${PODS_ROOT}/Manifest.lock\" > /dev/null\nif [ $? != 0 ] ; then\n    # print error to STDERR\n    echo \"error: The sandbox is not in sync with the Podfile.lock. Run 'pod install' or update your CocoaPods installation.\" >&2\n    exit 1\nfi\n# This output is used by Xcode 'outputs' to avoid re-running this script phase.\necho \"SUCCESS\" > \"${SCRIPT_OUTPUT_FILE_0}\"\n";
			showEnvVarsInLog = 0;
		};
		A71DE656E0B46442D8A593A7 /* [CP] Copy Pods Resources */ = {
			isa = PBXShellScriptBuildPhase;
			buildActionMask = 2147483647;
			files = (
			);
			inputPaths = (
			);
			name = "[CP] Copy Pods Resources";
			outputPaths = (
			);
			runOnlyForDeploymentPostprocessing = 0;
			shellPath = /bin/sh;
			shellScript = "\"${SRCROOT}/Pods/Target Support Files/Pods-base-proj-ios/Pods-base-proj-ios-resources.sh\"\n";
			showEnvVarsInLog = 0;
		};
		A7D6BA745C31662A5F42A593 /* [CP] Check Pods Manifest.lock */ = {
			isa = PBXShellScriptBuildPhase;
			buildActionMask = 2147483647;
			files = (
			);
			inputPaths = (
				"${PODS_PODFILE_DIR_PATH}/Podfile.lock",
				"${PODS_ROOT}/Manifest.lock",
			);
			name = "[CP] Check Pods Manifest.lock";
			outputPaths = (
				"$(DERIVED_FILE_DIR)/Pods-base-proj-iosTests-checkManifestLockResult.txt",
			);
			runOnlyForDeploymentPostprocessing = 0;
			shellPath = /bin/sh;
			shellScript = "diff \"${PODS_PODFILE_DIR_PATH}/Podfile.lock\" \"${PODS_ROOT}/Manifest.lock\" > /dev/null\nif [ $? != 0 ] ; then\n    # print error to STDERR\n    echo \"error: The sandbox is not in sync with the Podfile.lock. Run 'pod install' or update your CocoaPods installation.\" >&2\n    exit 1\nfi\n# This output is used by Xcode 'outputs' to avoid re-running this script phase.\necho \"SUCCESS\" > \"${SCRIPT_OUTPUT_FILE_0}\"\n";
			showEnvVarsInLog = 0;
		};
		C033D3AFB796772C042D2E1D /* [CP] Embed Pods Frameworks */ = {
			isa = PBXShellScriptBuildPhase;
			buildActionMask = 2147483647;
			files = (
			);
			inputPaths = (
				"${SRCROOT}/Pods/Target Support Files/Pods-base-proj-ios/Pods-base-proj-ios-frameworks.sh",
				"${BUILT_PRODUCTS_DIR}/Alamofire/Alamofire.framework",
				"${BUILT_PRODUCTS_DIR}/SwiftyJSON/SwiftyJSON.framework",
			);
			name = "[CP] Embed Pods Frameworks";
			outputPaths = (
				"${TARGET_BUILD_DIR}/${FRAMEWORKS_FOLDER_PATH}/Alamofire.framework",
				"${TARGET_BUILD_DIR}/${FRAMEWORKS_FOLDER_PATH}/SwiftyJSON.framework",
			);
			runOnlyForDeploymentPostprocessing = 0;
			shellPath = /bin/sh;
			shellScript = "\"${SRCROOT}/Pods/Target Support Files/Pods-base-proj-ios/Pods-base-proj-ios-frameworks.sh\"\n";
			showEnvVarsInLog = 0;
		};
		EAD206ECBB661960C2E20E8B /* [CP] Embed Pods Frameworks */ = {
			isa = PBXShellScriptBuildPhase;
			buildActionMask = 2147483647;
			files = (
			);
			inputPaths = (
			);
			name = "[CP] Embed Pods Frameworks";
			outputPaths = (
			);
			runOnlyForDeploymentPostprocessing = 0;
			shellPath = /bin/sh;
			shellScript = "\"${SRCROOT}/Pods/Target Support Files/Pods-base-proj-iosTests/Pods-base-proj-iosTests-frameworks.sh\"\n";
			showEnvVarsInLog = 0;
		};
		F4721C2249BBB87CD283031F /* [CP] Check Pods Manifest.lock */ = {
			isa = PBXShellScriptBuildPhase;
			buildActionMask = 2147483647;
			files = (
			);
			inputPaths = (
				"${PODS_PODFILE_DIR_PATH}/Podfile.lock",
				"${PODS_ROOT}/Manifest.lock",
			);
			name = "[CP] Check Pods Manifest.lock";
			outputPaths = (
				"$(DERIVED_FILE_DIR)/Pods-base-proj-iosUITests-checkManifestLockResult.txt",
			);
			runOnlyForDeploymentPostprocessing = 0;
			shellPath = /bin/sh;
			shellScript = "diff \"${PODS_PODFILE_DIR_PATH}/Podfile.lock\" \"${PODS_ROOT}/Manifest.lock\" > /dev/null\nif [ $? != 0 ] ; then\n    # print error to STDERR\n    echo \"error: The sandbox is not in sync with the Podfile.lock. Run 'pod install' or update your CocoaPods installation.\" >&2\n    exit 1\nfi\n# This output is used by Xcode 'outputs' to avoid re-running this script phase.\necho \"SUCCESS\" > \"${SCRIPT_OUTPUT_FILE_0}\"\n";
			showEnvVarsInLog = 0;
		};
/* End PBXShellScriptBuildPhase section */

/* Begin PBXSourcesBuildPhase section */
		7B2B16E92024A55100C63683 /* Sources */ = {
			isa = PBXSourcesBuildPhase;
			buildActionMask = 2147483647;
			files = (
				7BF3490B2024E365006C99EF /* SerializeProtocol.swift in Sources */,
				7B2B16F32024A55100C63683 /* ViewController.swift in Sources */,
				7BF349062024DD26006C99EF /* RequestProtocol.swift in Sources */,
				7BF349042024DC9D006C99EF /* Request.swift in Sources */,
				7B2B16F12024A55100C63683 /* AppDelegate.swift in Sources */,
				7BF349082024E257006C99EF /* Serialize.swift in Sources */,
			);
			runOnlyForDeploymentPostprocessing = 0;
		};
		7B2B16FD2024A55200C63683 /* Sources */ = {
			isa = PBXSourcesBuildPhase;
			buildActionMask = 2147483647;
			files = (
				7B2B17062024A55200C63683 /* base_proj_iosTests.swift in Sources */,
			);
			runOnlyForDeploymentPostprocessing = 0;
		};
		7B2B17082024A55200C63683 /* Sources */ = {
			isa = PBXSourcesBuildPhase;
			buildActionMask = 2147483647;
			files = (
				7B2B17112024A55200C63683 /* base_proj_iosUITests.swift in Sources */,
			);
			runOnlyForDeploymentPostprocessing = 0;
		};
/* End PBXSourcesBuildPhase section */

/* Begin PBXTargetDependency section */
		7B2B17032024A55200C63683 /* PBXTargetDependency */ = {
			isa = PBXTargetDependency;
			target = 7B2B16EC2024A55100C63683 /* base-proj-ios */;
			targetProxy = 7B2B17022024A55200C63683 /* PBXContainerItemProxy */;
		};
		7B2B170E2024A55200C63683 /* PBXTargetDependency */ = {
			isa = PBXTargetDependency;
			target = 7B2B16EC2024A55100C63683 /* base-proj-ios */;
			targetProxy = 7B2B170D2024A55200C63683 /* PBXContainerItemProxy */;
		};
/* End PBXTargetDependency section */

/* Begin PBXVariantGroup section */
		7B2B16F42024A55100C63683 /* Main.storyboard */ = {
			isa = PBXVariantGroup;
			children = (
				7B2B16F52024A55100C63683 /* Base */,
			);
			name = Main.storyboard;
			sourceTree = "<group>";
		};
		7B2B16F92024A55100C63683 /* LaunchScreen.storyboard */ = {
			isa = PBXVariantGroup;
			children = (
				7B2B16FA2024A55100C63683 /* Base */,
			);
			name = LaunchScreen.storyboard;
			sourceTree = "<group>";
		};
/* End PBXVariantGroup section */

/* Begin XCBuildConfiguration section */
		7B2B17132024A55200C63683 /* Debug */ = {
			isa = XCBuildConfiguration;
			buildSettings = {
				ALWAYS_SEARCH_USER_PATHS = NO;
				CLANG_ANALYZER_NONNULL = YES;
				CLANG_ANALYZER_NUMBER_OBJECT_CONVERSION = YES_AGGRESSIVE;
				CLANG_CXX_LANGUAGE_STANDARD = "gnu++14";
				CLANG_CXX_LIBRARY = "libc++";
				CLANG_ENABLE_MODULES = YES;
				CLANG_ENABLE_OBJC_ARC = YES;
				CLANG_WARN_BLOCK_CAPTURE_AUTORELEASING = YES;
				CLANG_WARN_BOOL_CONVERSION = YES;
				CLANG_WARN_COMMA = YES;
				CLANG_WARN_CONSTANT_CONVERSION = YES;
				CLANG_WARN_DIRECT_OBJC_ISA_USAGE = YES_ERROR;
				CLANG_WARN_DOCUMENTATION_COMMENTS = YES;
				CLANG_WARN_EMPTY_BODY = YES;
				CLANG_WARN_ENUM_CONVERSION = YES;
				CLANG_WARN_INFINITE_RECURSION = YES;
				CLANG_WARN_INT_CONVERSION = YES;
				CLANG_WARN_NON_LITERAL_NULL_CONVERSION = YES;
				CLANG_WARN_OBJC_LITERAL_CONVERSION = YES;
				CLANG_WARN_OBJC_ROOT_CLASS = YES_ERROR;
				CLANG_WARN_RANGE_LOOP_ANALYSIS = YES;
				CLANG_WARN_STRICT_PROTOTYPES = YES;
				CLANG_WARN_SUSPICIOUS_MOVE = YES;
				CLANG_WARN_UNGUARDED_AVAILABILITY = YES_AGGRESSIVE;
				CLANG_WARN_UNREACHABLE_CODE = YES;
				CLANG_WARN__DUPLICATE_METHOD_MATCH = YES;
				CODE_SIGN_IDENTITY = "iPhone Developer";
				COPY_PHASE_STRIP = NO;
				DEBUG_INFORMATION_FORMAT = dwarf;
				ENABLE_STRICT_OBJC_MSGSEND = YES;
				ENABLE_TESTABILITY = YES;
				GCC_C_LANGUAGE_STANDARD = gnu11;
				GCC_DYNAMIC_NO_PIC = NO;
				GCC_NO_COMMON_BLOCKS = YES;
				GCC_OPTIMIZATION_LEVEL = 0;
				GCC_PREPROCESSOR_DEFINITIONS = (
					"DEBUG=1",
					"$(inherited)",
				);
				GCC_WARN_64_TO_32_BIT_CONVERSION = YES;
				GCC_WARN_ABOUT_RETURN_TYPE = YES_ERROR;
				GCC_WARN_UNDECLARED_SELECTOR = YES;
				GCC_WARN_UNINITIALIZED_AUTOS = YES_AGGRESSIVE;
				GCC_WARN_UNUSED_FUNCTION = YES;
				GCC_WARN_UNUSED_VARIABLE = YES;
				IPHONEOS_DEPLOYMENT_TARGET = 11.2;
				MTL_ENABLE_DEBUG_INFO = YES;
				ONLY_ACTIVE_ARCH = YES;
				SDKROOT = iphoneos;
				SWIFT_ACTIVE_COMPILATION_CONDITIONS = DEBUG;
				SWIFT_OPTIMIZATION_LEVEL = "-Onone";
			};
			name = Debug;
		};
		7B2B17142024A55200C63683 /* Release */ = {
			isa = XCBuildConfiguration;
			buildSettings = {
				ALWAYS_SEARCH_USER_PATHS = NO;
				CLANG_ANALYZER_NONNULL = YES;
				CLANG_ANALYZER_NUMBER_OBJECT_CONVERSION = YES_AGGRESSIVE;
				CLANG_CXX_LANGUAGE_STANDARD = "gnu++14";
				CLANG_CXX_LIBRARY = "libc++";
				CLANG_ENABLE_MODULES = YES;
				CLANG_ENABLE_OBJC_ARC = YES;
				CLANG_WARN_BLOCK_CAPTURE_AUTORELEASING = YES;
				CLANG_WARN_BOOL_CONVERSION = YES;
				CLANG_WARN_COMMA = YES;
				CLANG_WARN_CONSTANT_CONVERSION = YES;
				CLANG_WARN_DIRECT_OBJC_ISA_USAGE = YES_ERROR;
				CLANG_WARN_DOCUMENTATION_COMMENTS = YES;
				CLANG_WARN_EMPTY_BODY = YES;
				CLANG_WARN_ENUM_CONVERSION = YES;
				CLANG_WARN_INFINITE_RECURSION = YES;
				CLANG_WARN_INT_CONVERSION = YES;
				CLANG_WARN_NON_LITERAL_NULL_CONVERSION = YES;
				CLANG_WARN_OBJC_LITERAL_CONVERSION = YES;
				CLANG_WARN_OBJC_ROOT_CLASS = YES_ERROR;
				CLANG_WARN_RANGE_LOOP_ANALYSIS = YES;
				CLANG_WARN_STRICT_PROTOTYPES = YES;
				CLANG_WARN_SUSPICIOUS_MOVE = YES;
				CLANG_WARN_UNGUARDED_AVAILABILITY = YES_AGGRESSIVE;
				CLANG_WARN_UNREACHABLE_CODE = YES;
				CLANG_WARN__DUPLICATE_METHOD_MATCH = YES;
				CODE_SIGN_IDENTITY = "iPhone Developer";
				COPY_PHASE_STRIP = NO;
				DEBUG_INFORMATION_FORMAT = "dwarf-with-dsym";
				ENABLE_NS_ASSERTIONS = NO;
				ENABLE_STRICT_OBJC_MSGSEND = YES;
				GCC_C_LANGUAGE_STANDARD = gnu11;
				GCC_NO_COMMON_BLOCKS = YES;
				GCC_WARN_64_TO_32_BIT_CONVERSION = YES;
				GCC_WARN_ABOUT_RETURN_TYPE = YES_ERROR;
				GCC_WARN_UNDECLARED_SELECTOR = YES;
				GCC_WARN_UNINITIALIZED_AUTOS = YES_AGGRESSIVE;
				GCC_WARN_UNUSED_FUNCTION = YES;
				GCC_WARN_UNUSED_VARIABLE = YES;
				IPHONEOS_DEPLOYMENT_TARGET = 11.2;
				MTL_ENABLE_DEBUG_INFO = NO;
				SDKROOT = iphoneos;
				SWIFT_OPTIMIZATION_LEVEL = "-Owholemodule";
				VALIDATE_PRODUCT = YES;
			};
			name = Release;
		};
		7B2B17162024A55200C63683 /* Debug */ = {
			isa = XCBuildConfiguration;
			baseConfigurationReference = 96104D75E77BA5FE8D552913 /* Pods-base-proj-ios.debug.xcconfig */;
			buildSettings = {
				ASSETCATALOG_COMPILER_APPICON_NAME = AppIcon;
				CODE_SIGN_STYLE = Automatic;
				INFOPLIST_FILE = "base-proj-ios/Info.plist";
				LD_RUNPATH_SEARCH_PATHS = "$(inherited) @executable_path/Frameworks";
				PRODUCT_BUNDLE_IDENTIFIER = "Stant.base-proj-ios";
				PRODUCT_NAME = "$(TARGET_NAME)";
				SWIFT_VERSION = 4.0;
				TARGETED_DEVICE_FAMILY = "1,2";
			};
			name = Debug;
		};
		7B2B17172024A55200C63683 /* Release */ = {
			isa = XCBuildConfiguration;
			baseConfigurationReference = 1E55DB21A5A4C3A66A657FDF /* Pods-base-proj-ios.release.xcconfig */;
			buildSettings = {
				ASSETCATALOG_COMPILER_APPICON_NAME = AppIcon;
				CODE_SIGN_STYLE = Automatic;
				INFOPLIST_FILE = "base-proj-ios/Info.plist";
				LD_RUNPATH_SEARCH_PATHS = "$(inherited) @executable_path/Frameworks";
				PRODUCT_BUNDLE_IDENTIFIER = "Stant.base-proj-ios";
				PRODUCT_NAME = "$(TARGET_NAME)";
				SWIFT_VERSION = 4.0;
				TARGETED_DEVICE_FAMILY = "1,2";
			};
			name = Release;
		};
		7B2B17192024A55200C63683 /* Debug */ = {
			isa = XCBuildConfiguration;
			baseConfigurationReference = CE61ADA50375983905263EBC /* Pods-base-proj-iosTests.debug.xcconfig */;
			buildSettings = {
				ALWAYS_EMBED_SWIFT_STANDARD_LIBRARIES = YES;
				BUNDLE_LOADER = "$(TEST_HOST)";
				CODE_SIGN_STYLE = Automatic;
				INFOPLIST_FILE = "base-proj-iosTests/Info.plist";
				LD_RUNPATH_SEARCH_PATHS = "$(inherited) @executable_path/Frameworks @loader_path/Frameworks";
				PRODUCT_BUNDLE_IDENTIFIER = "Stant.base-proj-iosTests";
				PRODUCT_NAME = "$(TARGET_NAME)";
				SWIFT_VERSION = 4.0;
				TARGETED_DEVICE_FAMILY = "1,2";
				TEST_HOST = "$(BUILT_PRODUCTS_DIR)/base-proj-ios.app/base-proj-ios";
			};
			name = Debug;
		};
		7B2B171A2024A55200C63683 /* Release */ = {
			isa = XCBuildConfiguration;
			baseConfigurationReference = 1F9DA73268A7AC770AB07CF7 /* Pods-base-proj-iosTests.release.xcconfig */;
			buildSettings = {
				ALWAYS_EMBED_SWIFT_STANDARD_LIBRARIES = YES;
				BUNDLE_LOADER = "$(TEST_HOST)";
				CODE_SIGN_STYLE = Automatic;
				INFOPLIST_FILE = "base-proj-iosTests/Info.plist";
				LD_RUNPATH_SEARCH_PATHS = "$(inherited) @executable_path/Frameworks @loader_path/Frameworks";
				PRODUCT_BUNDLE_IDENTIFIER = "Stant.base-proj-iosTests";
				PRODUCT_NAME = "$(TARGET_NAME)";
				SWIFT_VERSION = 4.0;
				TARGETED_DEVICE_FAMILY = "1,2";
				TEST_HOST = "$(BUILT_PRODUCTS_DIR)/base-proj-ios.app/base-proj-ios";
			};
			name = Release;
		};
		7B2B171C2024A55200C63683 /* Debug */ = {
			isa = XCBuildConfiguration;
			baseConfigurationReference = EF3D2C22FC8E2AC1E652F470 /* Pods-base-proj-iosUITests.debug.xcconfig */;
			buildSettings = {
				ALWAYS_EMBED_SWIFT_STANDARD_LIBRARIES = YES;
				CODE_SIGN_STYLE = Automatic;
				INFOPLIST_FILE = "base-proj-iosUITests/Info.plist";
				LD_RUNPATH_SEARCH_PATHS = "$(inherited) @executable_path/Frameworks @loader_path/Frameworks";
				PRODUCT_BUNDLE_IDENTIFIER = "Stant.base-proj-iosUITests";
				PRODUCT_NAME = "$(TARGET_NAME)";
				SWIFT_VERSION = 4.0;
				TARGETED_DEVICE_FAMILY = "1,2";
				TEST_TARGET_NAME = "base-proj-ios";
			};
			name = Debug;
		};
		7B2B171D2024A55200C63683 /* Release */ = {
			isa = XCBuildConfiguration;
			baseConfigurationReference = 5E54E8042506F3EEF00E9228 /* Pods-base-proj-iosUITests.release.xcconfig */;
			buildSettings = {
				ALWAYS_EMBED_SWIFT_STANDARD_LIBRARIES = YES;
				CODE_SIGN_STYLE = Automatic;
				INFOPLIST_FILE = "base-proj-iosUITests/Info.plist";
				LD_RUNPATH_SEARCH_PATHS = "$(inherited) @executable_path/Frameworks @loader_path/Frameworks";
				PRODUCT_BUNDLE_IDENTIFIER = "Stant.base-proj-iosUITests";
				PRODUCT_NAME = "$(TARGET_NAME)";
				SWIFT_VERSION = 4.0;
				TARGETED_DEVICE_FAMILY = "1,2";
				TEST_TARGET_NAME = "base-proj-ios";
			};
			name = Release;
		};
/* End XCBuildConfiguration section */

/* Begin XCConfigurationList section */
		7B2B16E82024A55100C63683 /* Build configuration list for PBXProject "base-proj-ios" */ = {
			isa = XCConfigurationList;
			buildConfigurations = (
				7B2B17132024A55200C63683 /* Debug */,
				7B2B17142024A55200C63683 /* Release */,
			);
			defaultConfigurationIsVisible = 0;
			defaultConfigurationName = Release;
		};
		7B2B17152024A55200C63683 /* Build configuration list for PBXNativeTarget "base-proj-ios" */ = {
			isa = XCConfigurationList;
			buildConfigurations = (
				7B2B17162024A55200C63683 /* Debug */,
				7B2B17172024A55200C63683 /* Release */,
			);
			defaultConfigurationIsVisible = 0;
			defaultConfigurationName = Release;
		};
		7B2B17182024A55200C63683 /* Build configuration list for PBXNativeTarget "base-proj-iosTests" */ = {
			isa = XCConfigurationList;
			buildConfigurations = (
				7B2B17192024A55200C63683 /* Debug */,
				7B2B171A2024A55200C63683 /* Release */,
			);
			defaultConfigurationIsVisible = 0;
			defaultConfigurationName = Release;
		};
		7B2B171B2024A55200C63683 /* Build configuration list for PBXNativeTarget "base-proj-iosUITests" */ = {
			isa = XCConfigurationList;
			buildConfigurations = (
				7B2B171C2024A55200C63683 /* Debug */,
				7B2B171D2024A55200C63683 /* Release */,
			);
			defaultConfigurationIsVisible = 0;
			defaultConfigurationName = Release;
		};
/* End XCConfigurationList section */
	};
	rootObject = 7B2B16E52024A55100C63683 /* Project object */;
}
